{
    "_meta": {
        "hash": {
            "sha256": "dc60c181dfaa65197c741d25183b1351ccf56c935bb9abc16e8055fb71f593fe"
        },
        "pipfile-spec": 6,
        "requires": {
            "python_version": "3"
        },
        "sources": [
            {
                "name": "pypi",
                "url": "https://pypi.org/simple",
                "verify_ssl": true
            }
        ]
    },
    "default": {
        "click": {
            "hashes": [
                "sha256:48ee849951919527a045bfe3bf7baa8a959c423134e1a5b98c05c20ba75a1cbd",
                "sha256:fa244bb30b3b5ee2cae3da8f55c9e5e0c0e86093306301fb418eb9dc40fbded5"
            ],
            "markers": "python_version >= '3.7'",
            "version": "==8.1.6"
        },
        "colorama": {
            "hashes": [
                "sha256:08695f5cb7ed6e0531a20572697297273c47b8cae5a63ffc6d6ed5c201be6e44",
                "sha256:4f1d9991f5acc0ca119f9d443620b77f9d6b33703e51011c16baf57afb285fc6"
            ],
            "markers": "platform_system == 'Windows'",
            "version": "==0.4.6"
        },
        "customtkinter": {
            "hashes": [
                "sha256:e93448a8d22121e20ec16e95960a8306e17cf7e0079766f5804b2e855e614937",
                "sha256:f8b2db189959033539884d7faff99ebbb654c18097d761ed844180e32f0b5929"
            ],
            "version": "==5.2.0"
        },
        "darkdetect": {
            "hashes": [
                "sha256:a7509ccf517eaad92b31c214f593dbcf138ea8a43b2935406bbd565e15527a85",
                "sha256:b5428e1170263eb5dea44c25dc3895edd75e6f52300986353cd63533fe7df8b1"
            ],
            "markers": "python_version >= '3.6'",
            "version": "==0.8.0"
        },
        "hacktools": {
            "extras": [
                "cli",
                "graphics"
            ],
            "hashes": [
                "sha256:0c393389960570980e783669af13248909219cbbcb6aae3abbe49d03099fa5ec",
                "sha256:0f5b781e94d6cb0d872e0c6b6229bde411783f60872afcd2c0da7d732810db2a",
                "sha256:144d901f0a14e3da843c379b869e0636963ca7164d11726af03c18c9b5449813",
                "sha256:19f775e23687f65d60b85a16c664cddddacc7d9bc24e200b522e39824398032c",
                "sha256:1e467c50eb1092646a9efbf6155be1b3a603f808d42ab1da545cd529d22c471f",
                "sha256:22b2ab35edfb1592d0fcc0e6bf124339226e54d1670028fe8213ea8dc384e69a",
                "sha256:29d635fb2e9ee41497c00d09cace53d1b4176240d5c963d548367d7a5cb084da",
                "sha256:2fc9210e0bfb04c0a2694ed563b95e2da24978a3face994f673adc7435e37fc3",
                "sha256:2fd070abcc421f8e1a1d966976c3f9b1dd96ec7fb86167e13527cfd18e84c023",
                "sha256:35411b49d6369a8cff075295860352d615798e0598c94598053db78e12864eb7",
                "sha256:3b0825c53cdd266847084dbc82f0fb28d1209a8c1dd3472283765e4595da12a8",
                "sha256:42795f1d34e6ce6a26ccd6f0d74ecf1de4f070232f9bbaf60100a04c165fa895",
                "sha256:43fe718ea5d62a506c552cb61fc9c10f271a268e01d51f1f2856af90683b5477",
                "sha256:451cd4ecda0f605416273b158f35f8ed60921b3509f8af3c647b7016634628c5",
                "sha256:459c9a19adceb5935fdb71869b377f2b0f31f06b2ec219543b3f9e2103feb81c",
                "sha256:486070e2dcfc488a5f8791473049f5a6fce6cf3b52250248d967632e08f52af4",
                "sha256:4fc287b849b8db226c481bbc9a38fbd29d2980a5500beb3cc171fdbedea18f9a",
                "sha256:5329faec2613d4bfcea0ee924e02c14d4c50359c70a2778cc015c356f118debd",
                "sha256:539ef8e40d127471f018127ebdfd30657a01fbc22ed3f9b025996e0a3ad6cc00",
                "sha256:5c5a346cef80fe0891602b434754eebfcc2ea9b97e80944a7b5ebf7d77b202ee",
                "sha256:611e92a6710d99d97c66818a328796c980ab3435a532a9c90c0f85671a91fbfe",
                "sha256:65408d5f6e78c096ba21c55893ab4fece897cca499cdc6296eb1d1c037778c76",
                "sha256:65b5e02e1a9a6ca5fde453235fffbcd3aa04e4e2ca7fdd7467a6171e66fdfdbd",
                "sha256:662d62fe94b71150bde45c956e09a65c1a8708d71a99e7e28a1f259e2164afb9",
                "sha256:7c8b3ab79aa2788b9208935ac9f0f1f5b83680c14c58d57c67e73edac990fdfe",
                "sha256:7f2db83c83177fb561fad0fbd3504d3abe7ba2ebd9758cbaa8dd374717d9553e",
                "sha256:8077ec67c4799d2e20de112085dbf61cd6a42a209e8f125fe7d2c655926ef2fb",
                "sha256:81e659c97a44a322b4d87fc07043a30dea8d65563eb39ce902b2bd847aa9bb8f",
                "sha256:8818a6f290bba9da0ba0ad96871b89b931e4ac9097cb419af075c57dad37f1f3",
                "sha256:8f42c6e04cc8c7bcd7d61f01742acc88b7b8111d7b3d20a52578ea96c69c4c31",
                "sha256:a35011765e44dfd6462b96bbf4a4840beb346052405cb489e8fed33bbda5d08d",
                "sha256:adde816f55248609d03529ce84ef61edea18b8c64f76c0a682f32d03ff2be926",
                "sha256:b18d579e6251bf708747424b73a70944e84b06f1ae028e0ba47efe85c5b39496",
                "sha256:b1af89fc254ceec56c5996a79137f0195c0e514c2cdd13e3a3c41c4c5366491c",
                "sha256:b6c85b3a256b4d871f4deca63e9ea7cade385ab51b07027c15d7881f0cf3748d",
                "sha256:b8a3eba4a9ef16321d4caa445db7edbb2b75f44e6cd2bafac23ce1f3b9daf214",
                "sha256:bb74c7ef603e9abafca31d2f322c910d3b0e3f11c0b267b0ebdf7439ab0b2111",
                "sha256:c47b437d7c8fd905849bad24738cf2c10348cb248ccf4dc0a95ca8b5ea03396c",
                "sha256:ca7c6e7ffd79ef0ff976925dbcf1e675096a2a8e5aaaa7bcbc940416e9600746",
                "sha256:cdb048afe3f038ff51b15e51eccdd36fc2dcc6b432510b970dd3235a41055601",
                "sha256:d135adf6952865d8389879a80fa4df95d54a4dadb58b050a5d6e1d2209a81822",
                "sha256:d4a4d5d35b7ad44adecdf8ad41700c1b204c1d6facfa9b9a22b1258999592e57",
                "sha256:da836fb6452080dfa5ebeaf8a598c82e600b20695e1b0f1e22b339d5cc094419",
                "sha256:db33f83f2be6476c4d6d80f40ac548e4ad2187640f7786b432853ab33dfa00ab",
                "sha256:e51a772e1a5a31978cae067b3c4ccb32975f36fdcec239780edf66781b8a08db",
                "sha256:e694f554ca123b851c9b8be64df2ecc7a4522173765b702554d54d830503134d",
                "sha256:ea6e53674c1a01f0d90c8a5eb6ace6c4b5896296859c4ef51340823b68f98104",
                "sha256:eeeed9cdc723bf8294dabe27a8236a14b2ee27e35ca0c9763586f5da02e3d927",
                "sha256:f05082fee1c4b90607ba94afa6a6d78f122421494ad5bc1bff1c3cc8a18bd831",
                "sha256:f25b9408d5df1a23e2735cf9967668744614d4ba9daaa6c984817d9d7450a6e0",
                "sha256:f42753286fd6da431f928d7b8b9f0d2804e7c94b57b91d55fb7677488709c880",
                "sha256:feb9bab8dc06ca951a1abf933b67bc9c9b178a4fd747a348f8e9929b0a348e52"
            ],
            "index": "pypi",
            "version": "==0.32.8"
        },
        "pillow": {
            "hashes": [
                "sha256:00e65f5e822decd501e374b0650146063fbb30a7264b4d2744bdd7b913e0cab5",
                "sha256:040586f7d37b34547153fa383f7f9aed68b738992380ac911447bb78f2abe530",
                "sha256:0b6eb5502f45a60a3f411c63187db83a3d3107887ad0d036c13ce836f8a36f1d",
                "sha256:1ce91b6ec08d866b14413d3f0bbdea7e24dfdc8e59f562bb77bc3fe60b6144ca",
                "sha256:1f62406a884ae75fb2f818694469519fb685cc7eaff05d3451a9ebe55c646891",
                "sha256:22c10cc517668d44b211717fd9775799ccec4124b9a7f7b3635fc5386e584992",
                "sha256:3400aae60685b06bb96f99a21e1ada7bc7a413d5f49bce739828ecd9391bb8f7",
                "sha256:349930d6e9c685c089284b013478d6f76e3a534e36ddfa912cde493f235372f3",
                "sha256:368ab3dfb5f49e312231b6f27b8820c823652b7cd29cfbd34090565a015e99ba",
                "sha256:38250a349b6b390ee6047a62c086d3817ac69022c127f8a5dc058c31ccef17f3",
                "sha256:3a684105f7c32488f7153905a4e3015a3b6c7182e106fe3c37fbb5ef3e6994c3",
                "sha256:3a82c40d706d9aa9734289740ce26460a11aeec2d9c79b7af87bb35f0073c12f",
                "sha256:3b08d4cc24f471b2c8ca24ec060abf4bebc6b144cb89cba638c720546b1cf538",
                "sha256:3ed64f9ca2f0a95411e88a4efbd7a29e5ce2cea36072c53dd9d26d9c76f753b3",
                "sha256:3f07ea8d2f827d7d2a49ecf1639ec02d75ffd1b88dcc5b3a61bbb37a8759ad8d",
                "sha256:520f2a520dc040512699f20fa1c363eed506e94248d71f85412b625026f6142c",
                "sha256:5c6e3df6bdd396749bafd45314871b3d0af81ff935b2d188385e970052091017",
                "sha256:608bfdee0d57cf297d32bcbb3c728dc1da0907519d1784962c5f0c68bb93e5a3",
                "sha256:685ac03cc4ed5ebc15ad5c23bc555d68a87777586d970c2c3e216619a5476223",
                "sha256:76de421f9c326da8f43d690110f0e79fe3ad1e54be811545d7d91898b4c8493e",
                "sha256:76edb0a1fa2b4745fb0c99fb9fb98f8b180a1bbceb8be49b087e0b21867e77d3",
                "sha256:7be600823e4c8631b74e4a0d38384c73f680e6105a7d3c6824fcf226c178c7e6",
                "sha256:81ff539a12457809666fef6624684c008e00ff6bf455b4b89fd00a140eecd640",
                "sha256:88af2003543cc40c80f6fca01411892ec52b11021b3dc22ec3bc9d5afd1c5334",
                "sha256:8c11160913e3dd06c8ffdb5f233a4f254cb449f4dfc0f8f4549eda9e542c93d1",
                "sha256:8f8182b523b2289f7c415f589118228d30ac8c355baa2f3194ced084dac2dbba",
                "sha256:9211e7ad69d7c9401cfc0e23d49b69ca65ddd898976d660a2fa5904e3d7a9baa",
                "sha256:92be919bbc9f7d09f7ae343c38f5bb21c973d2576c1d45600fce4b74bafa7ac0",
                "sha256:9c82b5b3e043c7af0d95792d0d20ccf68f61a1fec6b3530e718b688422727396",
                "sha256:9f7c16705f44e0504a3a2a14197c1f0b32a95731d251777dcb060aa83022cb2d",
                "sha256:9fb218c8a12e51d7ead2a7c9e101a04982237d4855716af2e9499306728fb485",
                "sha256:a74ba0c356aaa3bb8e3eb79606a87669e7ec6444be352870623025d75a14a2bf",
                "sha256:b4f69b3700201b80bb82c3a97d5e9254084f6dd5fb5b16fc1a7b974260f89f43",
                "sha256:bc2ec7c7b5d66b8ec9ce9f720dbb5fa4bace0f545acd34870eff4a369b44bf37",
                "sha256:c189af0545965fa8d3b9613cfdb0cd37f9d71349e0f7750e1fd704648d475ed2",
                "sha256:c1fbe7621c167ecaa38ad29643d77a9ce7311583761abf7836e1510c580bf3dd",
                "sha256:c7cf14a27b0d6adfaebb3ae4153f1e516df54e47e42dcc073d7b3d76111a8d86",
                "sha256:c9f72a021fbb792ce98306ffb0c348b3c9cb967dce0f12a49aa4c3d3fdefa967",
                "sha256:cd25d2a9d2b36fcb318882481367956d2cf91329f6892fe5d385c346c0649629",
                "sha256:ce543ed15570eedbb85df19b0a1a7314a9c8141a36ce089c0a894adbfccb4568",
                "sha256:ce7b031a6fc11365970e6a5686d7ba8c63e4c1cf1ea143811acbb524295eabed",
                "sha256:d35e3c8d9b1268cbf5d3670285feb3528f6680420eafe35cccc686b73c1e330f",
                "sha256:d50b6aec14bc737742ca96e85d6d0a5f9bfbded018264b3b70ff9d8c33485551",
                "sha256:d5d0dae4cfd56969d23d94dc8e89fb6a217be461c69090768227beb8ed28c0a3",
                "sha256:d5db32e2a6ccbb3d34d87c87b432959e0db29755727afb37290e10f6e8e62614",
                "sha256:d72e2ecc68a942e8cf9739619b7f408cc7b272b279b56b2c83c6123fcfa5cdff",
                "sha256:d737a602fbd82afd892ca746392401b634e278cb65d55c4b7a8f48e9ef8d008d",
                "sha256:d80cf684b541685fccdd84c485b31ce73fc5c9b5d7523bf1394ce134a60c6883",
                "sha256:db24668940f82321e746773a4bc617bfac06ec831e5c88b643f91f122a785684",
                "sha256:dbc02381779d412145331789b40cc7b11fdf449e5d94f6bc0b080db0a56ea3f0",
                "sha256:dffe31a7f47b603318c609f378ebcd57f1554a3a6a8effbc59c3c69f804296de",
                "sha256:edf4392b77bdc81f36e92d3a07a5cd072f90253197f4a52a55a8cec48a12483b",
                "sha256:efe8c0681042536e0d06c11f48cebe759707c9e9abf880ee213541c5b46c5bf3",
                "sha256:f31f9fdbfecb042d046f9d91270a0ba28368a723302786c0009ee9b9f1f60199",
                "sha256:f88a0b92277de8e3ca715a0d79d68dc82807457dae3ab8699c758f07c20b3c51",
                "sha256:faaf07ea35355b01a35cb442dd950d8f1bb5b040a7787791a535de13db15ed90"
            ],
            "version": "==10.0.0"
        },
        "tqdm": {
            "hashes": [
                "sha256:1871fb68a86b8fb3b59ca4cdd3dcccbc7e6d613eeed31f4c332531977b89beb5",
                "sha256:c4f53a17fe37e132815abceec022631be8ffe1b9381c2e6e30aa70edc99e9671"
            ],
            "markers": "python_version >= '3.7'",
            "version": "==4.65.0"
        }
    },
    "develop": {}
}
