{
    "_meta": {
        "hash": {
            "sha256": "d64b31c5ec0e7a2615042ba5a4cc6d9c6b7ecaf72022a4305b68d1f191b80a06"
        },
        "pipfile-spec": 6,
        "requires": {
            "python_version": "3.8"
        },
        "sources": [
            {
                "name": "pypi",
                "url": "https://pypi.org/simple",
                "verify_ssl": true
            }
        ]
    },
    "default": {
        "aggdraw": {
            "hashes": [
                "sha256:0622f78320453bb3f66043be62ced1a6d15d6d165d831bec77fc7fc6336df121",
                "sha256:129cbd59544bf208d2a3c62ff084bcf6c32d22d576a039186d954f8d201920a5",
                "sha256:144891e73d9e95477c36d3ccc54222c5a2004ef96a6c44713bfb09c28f8c2444",
                "sha256:14a9561bb39d030758f35df0acdf9b79af88f74d068cc60d14b0dcad2f4bf8d2",
                "sha256:151f22e9ea8a38d114901647bb73a73d945df912f9ecf80d50f65284a4461ac0",
                "sha256:18fc7342206bfde502356a1cef99d048605e9dbf359f008b65644e83f97587bc",
                "sha256:19480ca5a23f9483c176701b0ae993f58974b7cd1037d152d6571b6352ef6242",
                "sha256:1ad9e9661907eb8f9e44399416f5f6dd00ccc5f615e60efaf7c9ae78b09e8312",
                "sha256:3820583ac0f7568fc503fd456da09fa15d73a8bcf364ccefbddd71ad8df99136",
                "sha256:3905ef5ce0c7c36310b200a9142c819cbeaee5945632a6b5b7bd19f253e29d59",
                "sha256:39ed36033bb9255b33b2160375391ed4ca7fa92e855a36be31dc5e217ee6cbda",
                "sha256:3a65e7267d01c8573d84bdfae963a7ad87bff2380a2627165bfd74ca1e63cf97",
                "sha256:46f1102c989ce905331711ddf47d971fc88ae53fd375a5ed7b1cfcb6fd777986",
                "sha256:4858a867a3cfb644c90e0a8e6a6e4b2588337707b028e5fe54ab8eb3d137b528",
                "sha256:4cadbdde9d3d587ec38656cfbe17b071de8884dbfab56666187ede4fbf7fcb59",
                "sha256:537ed0ae24ddac00d13050d07ba01c1db33f6f7fe914ff79cbdc5c8550f03b54",
                "sha256:7949b0fd190d06e3abf5821ac2ff4d00d8f1e2b99535da1ead341d86356345cc",
                "sha256:89d6d28f69776e4b6a3fb81af3ba96a988b87ea10d56b89f29d78b6422e70e49",
                "sha256:8c3c1dd4df3b8b5f10a27aec63b6d9c4af6eddf6793818dfe862ac364906895f",
                "sha256:9b53577a04f85bdb0d33bea908321eee9a9e79c69f5c85ac04ac27271c4adf2a",
                "sha256:a2a68cf02bc7fe7f5ec23eda4ad121c9d3010d4424d85e533c9d2c323a5bc7cc",
                "sha256:a9f44deac29f2e2e0fab6a7ea4021fb35e97a8fef88f4a829433d28724053516",
                "sha256:b7f0882bd290b5334a8cce174d3f379a2307413fa6c8b487743cfc5d92ef819b",
                "sha256:b871101da5f5d5466c1c206174e3da7f7c86ae27067525958c2fee136122e9d4",
                "sha256:fe1a6318a5380eda18f24dedbf9bd51088dbf7dffd73f4e74cbd31a46c516330"
            ],
            "version": "==1.3.12"
        },
        "attrs": {
            "hashes": [
                "sha256:31b2eced602aa8423c2aea9c76a724617ed67cf9513173fd3a4f03e3a929c7e6",
                "sha256:832aa3cde19744e49938b91fea06d69ecb9e649c93ba974535d08ad92164f700"
            ],
            "version": "==20.3.0"
        },
        "certifi": {
            "hashes": [
                "sha256:1a4995114262bffbc2413b159f2a1a480c969de6e6eb13ee966d470af86af59c",
                "sha256:719a74fb9e33b9bd44cc7f3a8d94bc35e4049deebe19ba7d8e108280cfd59830"
            ],
            "version": "==2020.12.5"
        },
        "chardet": {
            "hashes": [
                "sha256:0d6f53a15db4120f2b08c94f11e7d93d2c911ee118b6b30a04ec3ee8310179fa",
                "sha256:f864054d66fd9118f2e67044ac8981a54775ec5b67aed0441892edb553d21da5"
            ],
            "version": "==4.0.0"
        },
        "click": {
            "hashes": [
                "sha256:d2b5255c7c6349bc1bd1e59e08cd12acbbd63ce649f2588755783aa94dfb6b1a",
                "sha256:dacca89f4bfadd5de3d7489b7c8a566eee0d3676333fbb50030263894c38c0dc"
            ],
            "version": "==7.1.2"
        },
        "crcmod": {
            "hashes": [
                "sha256:dc7051a0db5f2bd48665a990d3ec1cc305a466a77358ca4492826f41f283601e"
            ],
            "version": "==1.7"
        },
        "docopt": {
            "hashes": [
                "sha256:49b3a825280bd66b3aa83585ef59c4a8c82f2c8a522dbe754a8bc8d08c85c491"
            ],
            "version": "==0.6.2"
        },
        "hacktools": {
            "hashes": [
                "sha256:2aa097dad6fc4264af708356c8e18da59337dc8d2e55628754f1e7c4ed27a30a",
                "sha256:f45d9197018fcf0f98e0bde345936d37cc9934c2abf485fb8df4528cd0b51a4b"
            ],
            "index": "pypi",
            "version": "==0.14.1"
        },
        "idna": {
            "hashes": [
                "sha256:b307872f855b18632ce0c21c5e45be78c0ea7ae4c15c828c20788b26921eb3f6",
                "sha256:b97d804b1e9b523befed77c48dacec60e6dcb0b5391d57af6a65a312a90648c0"
            ],
            "version": "==2.10"
        },
        "ndspy": {
            "hashes": [
                "sha256:0a88ea53ceed1cd66390829db9bcdf3a705dfaf070a7c9e51242abab5f4011e8",
                "sha256:800c9e6154fdee2712657c0be9cea5f2c7c1f513f26e3344ac3b16d9d1fca478"
            ],
            "version": "==3.0.0"
        },
        "pillow": {
            "hashes": [
                "sha256:006de60d7580d81f4a1a7e9f0173dc90a932e3905cc4d47ea909bc946302311a",
                "sha256:0a2e8d03787ec7ad71dc18aec9367c946ef8ef50e1e78c71f743bc3a770f9fae",
                "sha256:0eeeae397e5a79dc088d8297a4c2c6f901f8fb30db47795113a4a605d0f1e5ce",
                "sha256:11c5c6e9b02c9dac08af04f093eb5a2f84857df70a7d4a6a6ad461aca803fb9e",
                "sha256:2fb113757a369a6cdb189f8df3226e995acfed0a8919a72416626af1a0a71140",
                "sha256:4b0ef2470c4979e345e4e0cc1bbac65fda11d0d7b789dbac035e4c6ce3f98adb",
                "sha256:59e903ca800c8cfd1ebe482349ec7c35687b95e98cefae213e271c8c7fffa021",
                "sha256:5abd653a23c35d980b332bc0431d39663b1709d64142e3652890df4c9b6970f6",
                "sha256:5f9403af9c790cc18411ea398a6950ee2def2a830ad0cfe6dc9122e6d528b302",
                "sha256:6b4a8fd632b4ebee28282a9fef4c341835a1aa8671e2770b6f89adc8e8c2703c",
                "sha256:6c1aca8231625115104a06e4389fcd9ec88f0c9befbabd80dc206c35561be271",
                "sha256:795e91a60f291e75de2e20e6bdd67770f793c8605b553cb6e4387ce0cb302e09",
                "sha256:7ba0ba61252ab23052e642abdb17fd08fdcfdbbf3b74c969a30c58ac1ade7cd3",
                "sha256:7c9401e68730d6c4245b8e361d3d13e1035cbc94db86b49dc7da8bec235d0015",
                "sha256:81f812d8f5e8a09b246515fac141e9d10113229bc33ea073fec11403b016bcf3",
                "sha256:895d54c0ddc78a478c80f9c438579ac15f3e27bf442c2a9aa74d41d0e4d12544",
                "sha256:8de332053707c80963b589b22f8e0229f1be1f3ca862a932c1bcd48dafb18dd8",
                "sha256:92c882b70a40c79de9f5294dc99390671e07fc0b0113d472cbea3fde15db1792",
                "sha256:95edb1ed513e68bddc2aee3de66ceaf743590bf16c023fb9977adc4be15bd3f0",
                "sha256:b63d4ff734263ae4ce6593798bcfee6dbfb00523c82753a3a03cbc05555a9cc3",
                "sha256:bd7bf289e05470b1bc74889d1466d9ad4a56d201f24397557b6f65c24a6844b8",
                "sha256:cc3ea6b23954da84dbee8025c616040d9aa5eaf34ea6895a0a762ee9d3e12e11",
                "sha256:cc9ec588c6ef3a1325fa032ec14d97b7309db493782ea8c304666fb10c3bd9a7",
                "sha256:d3d07c86d4efa1facdf32aa878bd508c0dc4f87c48125cc16b937baa4e5b5e11",
                "sha256:d8a96747df78cda35980905bf26e72960cba6d355ace4780d4bdde3b217cdf1e",
                "sha256:e38d58d9138ef972fceb7aeec4be02e3f01d383723965bfcef14d174c8ccd039",
                "sha256:eb472586374dc66b31e36e14720747595c2b265ae962987261f044e5cce644b5",
                "sha256:fbd922f702582cb0d71ef94442bfca57624352622d75e3be7a1e7e9360b07e72"
            ],
            "version": "==8.0.1"
        },
        "psd-tools": {
            "hashes": [
                "sha256:0741c8cd3832c27bce99b830910dd332c1c2f9c6bd1020e1aa6d53f67d02e3dd",
                "sha256:1126ef2d57b48c05668cfeef8aff41ca6120e8794e4e798ee9558e38267b053e",
                "sha256:116b688bdf876b020fd4045968e35a1ed6212f48b367ea2c511d2508e6e43398",
                "sha256:16afd82d75d146de8a03a972a770b6411f94be690cea5d5236d9d983f989d4f7",
                "sha256:1c4eac969e975069e598546381cd5a9c56e548354b02929c44acf32a6319fa60",
                "sha256:2d4bbb8e1441096cf896b8e21657582cdc14f7c1285fc00590b0f0846a05cae7",
                "sha256:3c4cec656354cd3325e392afa23902777f675823346d09f02fa4c0760c86fa05",
                "sha256:422ec67d93527a84ddbaee0f249b13a93332aea486d5a40ba4df83145224414d",
                "sha256:44a78f8346c00a5e6318245b199133ac6182bb64b0f2ecadcbdc92bb1ec503f9",
                "sha256:473c0e13a24bd9c4d0ab1aafee09d2a0ad9b18ad9625d27ae3e108a7d277ef25",
                "sha256:49615c34f1e6968c4f3d2b4b1701804879756695eca8011d9e99fd9557162620",
                "sha256:69687c48056783e4ded0f304501a1f1aff39288c5d263ce85fc29ac1509425dd",
                "sha256:69897a064be554e2d021c5bbc73e0275f2b4969b2b30ced9f993afe820fdfbd1",
                "sha256:6cbe36a95c86db7f43a0869d6587a492c548d68b362e1424a9f26068d3f6f8ae",
                "sha256:7fa81ba38388ac1760ae61229681f46a7fc2ed96cb2d435b616873a73e668b64",
                "sha256:9ab1c7213afa5f69a7f2a8f17982576ac349604ddc1d84cad6ec328a22d5c401",
                "sha256:9b6bff2bf67d17fd511c4a55b15051ab4292bb74f92269b168b2cf275d1efa2e",
                "sha256:9fb8c2b8e9ff3a4656ad52606fcc62be2f75f9586ff7cb4bc9dc922909546128",
                "sha256:a17726b494cbd74cfbb9fac019ae9719e1087dfc1e9055e24d69068c62c790ef",
                "sha256:b04da48037d563ef7ef4006d9d5a4922a4c89106451f005764ee973630a3b813",
                "sha256:b4501ecaef9a9a8d5b6e5c4b518b14fa6505f21accd4681bef48ad9a0e413ba3",
                "sha256:b5c9a9427dba1ddc8c69200bfbb9c7551bab48c4fac6022feecda42db772ba85",
                "sha256:baadce2eee5ee7f5df79b8ac31166109f641eae19746bf96b797fe8608cd1528",
                "sha256:bf4ecfdeac3a8f8c5a36f14d3d8241236e512cde1ad196055f422c0565b2870b",
                "sha256:c9244c13d16e451c7e42f074aa0fe764806c775bba3fa667934aee679c965678",
                "sha256:d282d1144c2eb83fe97f91c231531da48ec6b8fabf4809ec52d8bcd1ddd8c701"
            ],
            "version": "==1.8.38"
        },
        "pycdlib": {
            "hashes": [
                "sha256:0f96afc8cd71355f341473b64d1414c33ec1307e3e712e86e8df34d633c913f9",
                "sha256:89ae9944084195a8a5e62279bf4c2e026abed3465f8ad931a77af97a05f8d63d"
            ],
            "version": "==1.11.0"
        },
        "pyimgur": {
            "hashes": [
                "sha256:ad22deea062fe8e7412d0bdfc70cbf305a828c6390096d3523ed3d7dbeb2bdff",
                "sha256:f776ca7f14663bd9ac14a1380db62c87ed32231d159d2d167ad1cb817dcb9144"
            ],
            "index": "pypi",
            "version": "==0.6.0"
        },
        "requests": {
            "hashes": [
                "sha256:27973dd4a904a4f13b263a19c866c13b92a39ed1c964655f025f3f8d3d75b804",
                "sha256:c210084e36a42ae6b9219e00e48287def368a26d03a048ddad7bfee44f75871e"
            ],
            "version": "==2.25.1"
        },
        "tqdm": {
            "hashes": [
                "sha256:0cd81710de29754bf17b6fee07bdb86f956b4fa20d3078f02040f83e64309416",
                "sha256:f4f80b96e2ceafea69add7bf971b8403b9cba8fb4451c1220f91c79be4ebd208"
            ],
            "version": "==4.55.0"
        },
        "urllib3": {
            "hashes": [
                "sha256:19188f96923873c92ccb987120ec4acaa12f0461fa9ce5d3d0772bc965a39e08",
                "sha256:d8ff90d979214d7b4f8ce956e80f4028fc6860e4431f731ea4a8c08f23f99473"
            ],
            "version": "==1.26.2"
        }
    },
    "develop": {
        "altgraph": {
            "hashes": [
                "sha256:1f05a47122542f97028caf78775a095fbe6a2699b5089de8477eb583167d69aa",
                "sha256:c623e5f3408ca61d4016f23a681b9adb100802ca3e3da5e718915a9e4052cebe"
            ],
            "version": "==0.17"
        },
        "future": {
            "hashes": [
                "sha256:b1bead90b70cf6ec3f0710ae53a525360fa360d306a86583adc6bf83a4db537d"
            ],
            "version": "==0.18.2"
        },
        "pefile": {
            "hashes": [
                "sha256:a5d6e8305c6b210849b47a6174ddf9c452b2888340b8177874b862ba6c207645"
            ],
            "version": "==2019.4.18"
        },
        "pyinstaller": {
            "hashes": [
                "sha256:954ae81de9a4bc096ff02433b3e245b9272fe53f27cac319e71fe7540952bd3d"
            ],
            "index": "pypi",
            "version": "==4.1"
        },
        "pyinstaller-hooks-contrib": {
            "hashes": [
                "sha256:fa8280b79d8a2b267a2e43ff44f73b3e4a68fc8d205b8d34e8e06c960f7c2fcf",
                "sha256:fc3290a2ca337d1d58c579c223201360bfe74caed6454eaf5a2550b77dbda45c"
            ],
            "version": "==2020.11"
        },
        "pywin32-ctypes": {
            "hashes": [
                "sha256:24ffc3b341d457d48e8922352130cf2644024a4ff09762a2261fd34c36ee5942",
                "sha256:9dc2d991b3479cc2df15930958b674a48a227d5361d413827a4cfd0b5876fc98"
            ],
            "version": "==0.2.0"
        }
    }
}
